// !$*UTF8*$!
{
	archiveVersion = 1;
	classes = {
	};
	objectVersion = 46;
	objects = {

/* Begin PBXBuildFile section */
		FB0D0BD41A4266AD005B356A /* AppDelegate.swift in Sources */ = {isa = PBXBuildFile; fileRef = FB0D0BD31A4266AD005B356A /* AppDelegate.swift */; };
		FB0D0BD61A4266AD005B356A /* ViewController.swift in Sources */ = {isa = PBXBuildFile; fileRef = FB0D0BD51A4266AD005B356A /* ViewController.swift */; };
		FB0D0BD91A4266AD005B356A /* Main.storyboard in Resources */ = {isa = PBXBuildFile; fileRef = FB0D0BD71A4266AD005B356A /* Main.storyboard */; };
		FB0D0BDB1A4266AD005B356A /* Images.xcassets in Resources */ = {isa = PBXBuildFile; fileRef = FB0D0BDA1A4266AD005B356A /* Images.xcassets */; };
		FB0D0BDE1A4266AD005B356A /* LaunchScreen.xib in Resources */ = {isa = PBXBuildFile; fileRef = FB0D0BDC1A4266AD005B356A /* LaunchScreen.xib */; };
		FB0D0BEA1A4266AD005B356A /* MyFirstAppTests.swift in Sources */ = {isa = PBXBuildFile; fileRef = FB0D0BE91A4266AD005B356A /* MyFirstAppTests.swift */; };
		FB0D0BF41A426E43005B356A /* Christmas_presents_2416800b.jpg in Resources */ = {isa = PBXBuildFile; fileRef = FB0D0BF31A426E43005B356A /* Christmas_presents_2416800b.jpg */; };
/* End PBXBuildFile section */

/* Begin PBXContainerItemProxy section */
		FB0D0BE41A4266AD005B356A /* PBXContainerItemProxy */ = {
			isa = PBXContainerItemProxy;
			containerPortal = FB0D0BC61A4266AC005B356A /* Project object */;
			proxyType = 1;
			remoteGlobalIDString = FB0D0BCD1A4266AC005B356A;
			remoteInfo = MyFirstApp;
		};
/* End PBXContainerItemProxy section */

/* Begin PBXFileReference section */
		FB0D0BCE1A4266AC005B356A /* MyFirstApp.app */ = {isa = PBXFileReference; explicitFileType = wrapper.application; includeInIndex = 0; path = MyFirstApp.app; sourceTree = BUILT_PRODUCTS_DIR; };
		FB0D0BD21A4266AC005B356A /* Info.plist */ = {isa = PBXFileReference; lastKnownFileType = text.plist.xml; path = Info.plist; sourceTree = "<group>"; };
		FB0D0BD31A4266AD005B356A /* AppDelegate.swift */ = {isa = PBXFileReference; lastKnownFileType = sourcecode.swift; path = AppDelegate.swift; sourceTree = "<group>"; };
		FB0D0BD51A4266AD005B356A /* ViewController.swift */ = {isa = PBXFileReference; lastKnownFileType = sourcecode.swift; path = ViewController.swift; sourceTree = "<group>"; };
		FB0D0BD81A4266AD005B356A /* Base */ = {isa = PBXFileReference; lastKnownFileType = file.storyboard; name = Base; path = Base.lproj/Main.storyboard; sourceTree = "<group>"; };
		FB0D0BDA1A4266AD005B356A /* Images.xcassets */ = {isa = PBXFileReference; lastKnownFileType = folder.assetcatalog; path = Images.xcassets; sourceTree = "<group>"; };
		FB0D0BDD1A4266AD005B356A /* Base */ = {isa = PBXFileReference; lastKnownFileType = file.xib; name = Base; path = Base.lproj/LaunchScreen.xib; sourceTree = "<group>"; };
		FB0D0BE31A4266AD005B356A /* MyFirstAppTests.xctest */ = {isa = PBXFileReference; explicitFileType = wrapper.cfbundle; includeInIndex = 0; path = MyFirstAppTests.xctest; sourceTree = BUILT_PRODUCTS_DIR; };
		FB0D0BE81A4266AD005B356A /* Info.plist */ = {isa = PBXFileReference; lastKnownFileType = text.plist.xml; path = Info.plist; sourceTree = "<group>"; };
		FB0D0BE91A4266AD005B356A /* MyFirstAppTests.swift */ = {isa = PBXFileReference; lastKnownFileType = sourcecode.swift; path = MyFirstAppTests.swift; sourceTree = "<group>"; };
		FB0D0BF31A426E43005B356A /* Christmas_presents_2416800b.jpg */ = {isa = PBXFileReference; lastKnownFileType = image.jpeg; path = Christmas_presents_2416800b.jpg; sourceTree = "<group>"; };
/* End PBXFileReference section */

/* Begin PBXFrameworksBuildPhase section */
		FB0D0BCB1A4266AC005B356A /* Frameworks */ = {
			isa = PBXFrameworksBuildPhase;
			buildActionMask = 2147483647;
			files = (
			);
			runOnlyForDeploymentPostprocessing = 0;
		};
		FB0D0BE01A4266AD005B356A /* Frameworks */ = {
			isa = PBXFrameworksBuildPhase;
			buildActionMask = 2147483647;
			files = (
			);
			runOnlyForDeploymentPostprocessing = 0;
		};
/* End PBXFrameworksBuildPhase section */

/* Begin PBXGroup section */
		FB0D0BC51A4266AC005B356A = {
			isa = PBXGroup;
			children = (
				FB0D0BD01A4266AC005B356A /* MyFirstApp */,
				FB0D0BE61A4266AD005B356A /* MyFirstAppTests */,
				FB0D0BCF1A4266AC005B356A /* Products */,
			);
			sourceTree = "<group>";
		};
		FB0D0BCF1A4266AC005B356A /* Products */ = {
			isa = PBXGroup;
			children = (
				FB0D0BCE1A4266AC005B356A /* MyFirstApp.app */,
				FB0D0BE31A4266AD005B356A /* MyFirstAppTests.xctest */,
			);
			name = Products;
			sourceTree = "<group>";
		};
		FB0D0BD01A4266AC005B356A /* MyFirstApp */ = {
			isa = PBXGroup;
			children = (
				FB0D0BD31A4266AD005B356A /* AppDelegate.swift */,
				FB0D0BD51A4266AD005B356A /* ViewController.swift */,
				FB0D0BF31A426E43005B356A /* Christmas_presents_2416800b.jpg */,
				FB0D0BD71A4266AD005B356A /* Main.storyboard */,
				FB0D0BDA1A4266AD005B356A /* Images.xcassets */,
				FB0D0BDC1A4266AD005B356A /* LaunchScreen.xib */,
				FB0D0BD11A4266AC005B356A /* Supporting Files */,
			);
			path = MyFirstApp;
			sourceTree = "<group>";
		};
		FB0D0BD11A4266AC005B356A /* Supporting Files */ = {
			isa = PBXGroup;
			children = (
				FB0D0BD21A4266AC005B356A /* Info.plist */,
			);
			name = "Supporting Files";
			sourceTree = "<group>";
		};
		FB0D0BE61A4266AD005B356A /* MyFirstAppTests */ = {
			isa = PBXGroup;
			children = (
				FB0D0BE91A4266AD005B356A /* MyFirstAppTests.swift */,
				FB0D0BE71A4266AD005B356A /* Supporting Files */,
			);
			path = MyFirstAppTests;
			sourceTree = "<group>";
		};
		FB0D0BE71A4266AD005B356A /* Supporting Files */ = {
			isa = PBXGroup;
			children = (
				FB0D0BE81A4266AD005B356A /* Info.plist */,
			);
			name = "Supporting Files";
			sourceTree = "<group>";
		};
/* End PBXGroup section */

/* Begin PBXNativeTarget section */
		FB0D0BCD1A4266AC005B356A /* MyFirstApp */ = {
			isa = PBXNativeTarget;
			buildConfigurationList = FB0D0BED1A4266AD005B356A /* Build configuration list for PBXNativeTarget "MyFirstApp" */;
			buildPhases = (
				FB0D0BCA1A4266AC005B356A /* Sources */,
				FB0D0BCB1A4266AC005B356A /* Frameworks */,
				FB0D0BCC1A4266AC005B356A /* Resources */,
			);
			buildRules = (
			);
			dependencies = (
			);
			name = MyFirstApp;
			productName = MyFirstApp;
			productReference = FB0D0BCE1A4266AC005B356A /* MyFirstApp.app */;
			productType = "com.apple.product-type.application";
		};
		FB0D0BE21A4266AD005B356A /* MyFirstAppTests */ = {
			isa = PBXNativeTarget;
			buildConfigurationList = FB0D0BF01A4266AD005B356A /* Build configuration list for PBXNativeTarget "MyFirstAppTests" */;
			buildPhases = (
				FB0D0BDF1A4266AD005B356A /* Sources */,
				FB0D0BE01A4266AD005B356A /* Frameworks */,
				FB0D0BE11A4266AD005B356A /* Resources */,
			);
			buildRules = (
			);
			dependencies = (
				FB0D0BE51A4266AD005B356A /* PBXTargetDependency */,
			);
			name = MyFirstAppTests;
			productName = MyFirstAppTests;
			productReference = FB0D0BE31A4266AD005B356A /* MyFirstAppTests.xctest */;
			productType = "com.apple.product-type.bundle.unit-test";
		};
/* End PBXNativeTarget section */

/* Begin PBXProject section */
		FB0D0BC61A4266AC005B356A /* Project object */ = {
			isa = PBXProject;
			attributes = {
				LastUpgradeCheck = 0610;
				ORGANIZATIONNAME = "Mary Sullivan";
				TargetAttributes = {
					FB0D0BCD1A4266AC005B356A = {
						CreatedOnToolsVersion = 6.1.1;
					};
					FB0D0BE21A4266AD005B356A = {
						CreatedOnToolsVersion = 6.1.1;
						TestTargetID = FB0D0BCD1A4266AC005B356A;
					};
				};
			};
			buildConfigurationList = FB0D0BC91A4266AC005B356A /* Build configuration list for PBXProject "MyFirstApp" */;
			compatibilityVersion = "Xcode 3.2";
			developmentRegion = English;
			hasScannedForEncodings = 0;
			knownRegions = (
				en,
				Base,
			);
			mainGroup = FB0D0BC51A4266AC005B356A;
			productRefGroup = FB0D0BCF1A4266AC005B356A /* Products */;
			projectDirPath = "";
			projectRoot = "";
			targets = (
				FB0D0BCD1A4266AC005B356A /* MyFirstApp */,
				FB0D0BE21A4266AD005B356A /* MyFirstAppTests */,
			);
		};
/* End PBXProject section */

/* Begin PBXResourcesBuildPhase section */
		FB0D0BCC1A4266AC005B356A /* Resources */ = {
			isa = PBXResourcesBuildPhase;
			buildActionMask = 2147483647;
			files = (
				FB0D0BD91A4266AD005B356A /* Main.storyboard in Resources */,
				FB0D0BF41A426E43005B356A /* Christmas_presents_2416800b.jpg in Resources */,
				FB0D0BDE1A4266AD005B356A /* LaunchScreen.xib in Resources */,
				FB0D0BDB1A4266AD005B356A /* Images.xcassets in Resources */,
			);
			runOnlyForDeploymentPostprocessing = 0;
		};
		FB0D0BE11A4266AD005B356A /* Resources */ = {
			isa = PBXResourcesBuildPhase;
			buildActionMask = 2147483647;
			files = (
			);
			runOnlyForDeploymentPostprocessing = 0;
		};
/* End PBXResourcesBuildPhase section */

/* Begin PBXSourcesBuildPhase section */
		FB0D0BCA1A4266AC005B356A /* Sources */ = {
			isa = PBXSourcesBuildPhase;
			buildActionMask = 2147483647;
			files = (
				FB0D0BD61A4266AD005B356A /* ViewController.swift in Sources */,
				FB0D0BD41A4266AD005B356A /* AppDelegate.swift in Sources */,
			);
			runOnlyForDeploymentPostprocessing = 0;
		};
		FB0D0BDF1A4266AD005B356A /* Sources */ = {
			isa = PBXSourcesBuildPhase;
			buildActionMask = 2147483647;
			files = (
				FB0D0BEA1A4266AD005B356A /* MyFirstAppTests.swift in Sources */,
			);
			runOnlyForDeploymentPostprocessing = 0;
		};
/* End PBXSourcesBuildPhase section */

/* Begin PBXTargetDependency section */
		FB0D0BE51A4266AD005B356A /* PBXTargetDependency */ = {
			isa = PBXTargetDependency;
			target = FB0D0BCD1A4266AC005B356A /* MyFirstApp */;
			targetProxy = FB0D0BE41A4266AD005B356A /* PBXContainerItemProxy */;
		};
/* End PBXTargetDependency section */

/* Begin PBXVariantGroup section */
		FB0D0BD71A4266AD005B356A /* Main.storyboard */ = {
			isa = PBXVariantGroup;
			children = (
				FB0D0BD81A4266AD005B356A /* Base */,
			);
			name = Main.storyboard;
			sourceTree = "<group>";
		};
		FB0D0BDC1A4266AD005B356A /* LaunchScreen.xib */ = {
			isa = PBXVariantGroup;
			children = (
				FB0D0BDD1A4266AD005B356A /* Base */,
			);
			name = LaunchScreen.xib;
			sourceTree = "<group>";
		};
/* End PBXVariantGroup section */

/* Begin XCBuildConfiguration section */
		FB0D0BEB1A4266AD005B356A /* Debug */ = {
			isa = XCBuildConfiguration;
			buildSettings = {
				ALWAYS_SEARCH_USER_PATHS = NO;
				CLANG_CXX_LANGUAGE_STANDARD = "gnu++0x";
				CLANG_CXX_LIBRARY = "libc++";
				CLANG_ENABLE_MODULES = YES;
				CLANG_ENABLE_OBJC_ARC = YES;
				CLANG_WARN_BOOL_CONVERSION = YES;
				CLANG_WARN_CONSTANT_CONVERSION = YES;
				CLANG_WARN_DIRECT_OBJC_ISA_USAGE = YES_ERROR;
				CLANG_WARN_EMPTY_BODY = YES;
				CLANG_WARN_ENUM_CONVERSION = YES;
				CLANG_WARN_INT_CONVERSION = YES;
				CLANG_WARN_OBJC_ROOT_CLASS = YES_ERROR;
				CLANG_WARN_UNREACHABLE_CODE = YES;
				CLANG_WARN__DUPLICATE_METHOD_MATCH = YES;
				"CODE_SIGN_IDENTITY[sdk=iphoneos*]" = "iPhone Developer";
				COPY_PHASE_STRIP = NO;
				ENABLE_STRICT_OBJC_MSGSEND = YES;
				GCC_C_LANGUAGE_STANDARD = gnu99;
				GCC_DYNAMIC_NO_PIC = NO;
				GCC_OPTIMIZATION_LEVEL = 0;
				GCC_PREPROCESSOR_DEFINITIONS = (
					"DEBUG=1",
					"$(inherited)",
				);
				GCC_SYMBOLS_PRIVATE_EXTERN = NO;
				GCC_WARN_64_TO_32_BIT_CONVERSION = YES;
				GCC_WARN_ABOUT_RETURN_TYPE = YES_ERROR;
				GCC_WARN_UNDECLARED_SELECTOR = YES;
				GCC_WARN_UNINITIALIZED_AUTOS = YES_AGGRESSIVE;
				GCC_WARN_UNUSED_FUNCTION = YES;
				GCC_WARN_UNUSED_VARIABLE = YES;
				IPHONEOS_DEPLOYMENT_TARGET = 8.1;
				MTL_ENABLE_DEBUG_INFO = YES;
				ONLY_ACTIVE_ARCH = YES;
				SDKROOT = iphoneos;
				SWIFT_OPTIMIZATION_LEVEL = "-Onone";
				TARGETED_DEVICE_FAMILY = "1,2";
			};
			name = Debug;
		};
		FB0D0BEC1A4266AD005B356A /* Release */ = {
			isa = XCBuildConfiguration;
			buildSettings = {
				ALWAYS_SEARCH_USER_PATHS = NO;
				CLANG_CXX_LANGUAGE_STANDARD = "gnu++0x";
				CLANG_CXX_LIBRARY = "libc++";
				CLANG_ENABLE_MODULES = YES;
				CLANG_ENABLE_OBJC_ARC = YES;
				CLANG_WARN_BOOL_CONVERSION = YES;
				CLANG_WARN_CONSTANT_CONVERSION = YES;
				CLANG_WARN_DIRECT_OBJC_ISA_USAGE = YES_ERROR;
				CLANG_WARN_EMPTY_BODY = YES;
				CLANG_WARN_ENUM_CONVERSION = YES;
				CLANG_WARN_INT_CONVERSION = YES;
				CLANG_WARN_OBJC_ROOT_CLASS = YES_ERROR;
				CLANG_WARN_UNREACHABLE_CODE = YES;
				CLANG_WARN__DUPLICATE_METHOD_MATCH = YES;
				"CODE_SIGN_IDENTITY[sdk=iphoneos*]" = "iPhone Developer";
				COPY_PHASE_STRIP = YES;
				ENABLE_NS_ASSERTIONS = NO;
				ENABLE_STRICT_OBJC_MSGSEND = YES;
				GCC_C_LANGUAGE_STANDARD = gnu99;
				GCC_WARN_64_TO_32_BIT_CONVERSION = YES;
				GCC_WARN_ABOUT_RETURN_TYPE = YES_ERROR;
				GCC_WARN_UNDECLARED_SELECTOR = YES;
				GCC_WARN_UNINITIALIZED_AUTOS = YES_AGGRESSIVE;
				GCC_WARN_UNUSED_FUNCTION = YES;
				GCC_WARN_UNUSED_VARIABLE = YES;
				IPHONEOS_DEPLOYMENT_TARGET = 8.1;
				MTL_ENABLE_DEBUG_INFO = NO;
				SDKROOT = iphoneos;
				TARGETED_DEVICE_FAMILY = "1,2";
				VALIDATE_PRODUCT = YES;
			};
			name = Release;
		};
		FB0D0BEE1A4266AD005B356A /* Debug */ = {
			isa = XCBuildConfiguration;
			buildSettings = {
				ASSETCATALOG_COMPILER_APPICON_NAME = AppIcon;
				INFOPLIST_FILE = MyFirstApp/Info.plist;
				LD_RUNPATH_SEARCH_PATHS = "$(inherited) @executable_path/Frameworks";
				PRODUCT_NAME = "$(TARGET_NAME)";
			};
			name = Debug;
		};
		FB0D0BEF1A4266AD005B356A /* Release */ = {
			isa = XCBuildConfiguration;
			buildSettings = {
				ASSETCATALOG_COMPILER_APPICON_NAME = AppIcon;
				INFOPLIST_FILE = MyFirstApp/Info.plist;
				LD_RUNPATH_SEARCH_PATHS = "$(inherited) @executable_path/Frameworks";
				PRODUCT_NAME = "$(TARGET_NAME)";
			};
			name = Release;
		};
		FB0D0BF11A4266AD005B356A /* Debug */ = {
			isa = XCBuildConfiguration;
			buildSettings = {
				BUNDLE_LOADER = "$(TEST_HOST)";
				FRAMEWORK_SEARCH_PATHS = (
					"$(SDKROOT)/Developer/Library/Frameworks",
					"$(inherited)",
				);
				GCC_PREPROCESSOR_DEFINITIONS = (
					"DEBUG=1",
					"$(inherited)",
				);
				INFOPLIST_FILE = MyFirstAppTests/Info.plist;
				LD_RUNPATH_SEARCH_PATHS = "$(inherited) @executable_path/Frameworks @loader_path/Frameworks";
				PRODUCT_NAME = "$(TARGET_NAME)";
				TEST_HOST = "$(BUILT_PRODUCTS_DIR)/MyFirstApp.app/MyFirstApp";
			};
			name = Debug;
		};
		FB0D0BF21A4266AD005B356A /* Release */ = {
			isa = XCBuildConfiguration;
			buildSettings = {
				BUNDLE_LOADER = "$(TEST_HOST)";
				FRAMEWORK_SEARCH_PATHS = (
					"$(SDKROOT)/Developer/Library/Frameworks",
					"$(inherited)",
				);
				INFOPLIST_FILE = MyFirstAppTests/Info.plist;
				LD_RUNPATH_SEARCH_PATHS = "$(inherited) @executable_path/Frameworks @loader_path/Frameworks";
				PRODUCT_NAME = "$(TARGET_NAME)";
				TEST_HOST = "$(BUILT_PRODUCTS_DIR)/MyFirstApp.app/MyFirstApp";
			};
			name = Release;
		};
/* End XCBuildConfiguration section */

/* Begin XCConfigurationList section */
		FB0D0BC91A4266AC005B356A /* Build configuration list for PBXProject "MyFirstApp" */ = {
			isa = XCConfigurationList;
			buildConfigurations = (
				FB0D0BEB1A4266AD005B356A /* Debug */,
				FB0D0BEC1A4266AD005B356A /* Release */,
			);
			defaultConfigurationIsVisible = 0;
			defaultConfigurationName = Release;
		};
		FB0D0BED1A4266AD005B356A /* Build configuration list for PBXNativeTarget "MyFirstApp" */ = {
			isa = XCConfigurationList;
			buildConfigurations = (
				FB0D0BEE1A4266AD005B356A /* Debug */,
				FB0D0BEF1A4266AD005B356A /* Release */,
			);
			defaultConfigurationIsVisible = 0;
		};
		FB0D0BF01A4266AD005B356A /* Build configuration list for PBXNativeTarget "MyFirstAppTests" */ = {
			isa = XCConfigurationList;
			buildConfigurations = (
				FB0D0BF11A4266AD005B356A /* Debug */,
				FB0D0BF21A4266AD005B356A /* Release */,
			);
			defaultConfigurationIsVisible = 0;
		};
/* End XCConfigurationList section */
	};
	rootObject = FB0D0BC61A4266AC005B356A /* Project object */;
}
