// !$*UTF8*$!
{
	archiveVersion = 1;
	classes = {
	};
	objectVersion = 46;
	objects = {

/* Begin PBXBuildFile section */
		FBF09C181A7D305000678B5B /* AppDelegate.swift in Sources */ = {isa = PBXBuildFile; fileRef = FBF09C171A7D305000678B5B /* AppDelegate.swift */; };
		FBF09C1A1A7D305000678B5B /* ViewController.swift in Sources */ = {isa = PBXBuildFile; fileRef = FBF09C191A7D305000678B5B /* ViewController.swift */; };
		FBF09C1D1A7D305000678B5B /* Main.storyboard in Resources */ = {isa = PBXBuildFile; fileRef = FBF09C1B1A7D305000678B5B /* Main.storyboard */; };
		FBF09C1F1A7D305000678B5B /* Images.xcassets in Resources */ = {isa = PBXBuildFile; fileRef = FBF09C1E1A7D305000678B5B /* Images.xcassets */; };
		FBF09C221A7D305000678B5B /* LaunchScreen.xib in Resources */ = {isa = PBXBuildFile; fileRef = FBF09C201A7D305000678B5B /* LaunchScreen.xib */; };
		FBF09C2E1A7D305000678B5B /* simpleEventTrackerLesson10Tests.swift in Sources */ = {isa = PBXBuildFile; fileRef = FBF09C2D1A7D305000678B5B /* simpleEventTrackerLesson10Tests.swift */; };
		FBF09C381A7D30B500678B5B /* EventsTableTableViewController.swift in Sources */ = {isa = PBXBuildFile; fileRef = FBF09C371A7D30B500678B5B /* EventsTableTableViewController.swift */; };
		FBF09C3A1A7D30EC00678B5B /* AddEventViewController.swift in Sources */ = {isa = PBXBuildFile; fileRef = FBF09C391A7D30EC00678B5B /* AddEventViewController.swift */; };
/* End PBXBuildFile section */

/* Begin PBXContainerItemProxy section */
		FBF09C281A7D305000678B5B /* PBXContainerItemProxy */ = {
			isa = PBXContainerItemProxy;
			containerPortal = FBF09C0A1A7D305000678B5B /* Project object */;
			proxyType = 1;
			remoteGlobalIDString = FBF09C111A7D305000678B5B;
			remoteInfo = simpleEventTrackerLesson10;
		};
/* End PBXContainerItemProxy section */

/* Begin PBXFileReference section */
		FBF09C121A7D305000678B5B /* simpleEventTrackerLesson10.app */ = {isa = PBXFileReference; explicitFileType = wrapper.application; includeInIndex = 0; path = simpleEventTrackerLesson10.app; sourceTree = BUILT_PRODUCTS_DIR; };
		FBF09C161A7D305000678B5B /* Info.plist */ = {isa = PBXFileReference; lastKnownFileType = text.plist.xml; path = Info.plist; sourceTree = "<group>"; };
		FBF09C171A7D305000678B5B /* AppDelegate.swift */ = {isa = PBXFileReference; lastKnownFileType = sourcecode.swift; path = AppDelegate.swift; sourceTree = "<group>"; };
		FBF09C191A7D305000678B5B /* ViewController.swift */ = {isa = PBXFileReference; lastKnownFileType = sourcecode.swift; path = ViewController.swift; sourceTree = "<group>"; };
		FBF09C1C1A7D305000678B5B /* Base */ = {isa = PBXFileReference; lastKnownFileType = file.storyboard; name = Base; path = Base.lproj/Main.storyboard; sourceTree = "<group>"; };
		FBF09C1E1A7D305000678B5B /* Images.xcassets */ = {isa = PBXFileReference; lastKnownFileType = folder.assetcatalog; path = Images.xcassets; sourceTree = "<group>"; };
		FBF09C211A7D305000678B5B /* Base */ = {isa = PBXFileReference; lastKnownFileType = file.xib; name = Base; path = Base.lproj/LaunchScreen.xib; sourceTree = "<group>"; };
		FBF09C271A7D305000678B5B /* simpleEventTrackerLesson10Tests.xctest */ = {isa = PBXFileReference; explicitFileType = wrapper.cfbundle; includeInIndex = 0; path = simpleEventTrackerLesson10Tests.xctest; sourceTree = BUILT_PRODUCTS_DIR; };
		FBF09C2C1A7D305000678B5B /* Info.plist */ = {isa = PBXFileReference; lastKnownFileType = text.plist.xml; path = Info.plist; sourceTree = "<group>"; };
		FBF09C2D1A7D305000678B5B /* simpleEventTrackerLesson10Tests.swift */ = {isa = PBXFileReference; lastKnownFileType = sourcecode.swift; path = simpleEventTrackerLesson10Tests.swift; sourceTree = "<group>"; };
		FBF09C371A7D30B500678B5B /* EventsTableTableViewController.swift */ = {isa = PBXFileReference; fileEncoding = 4; lastKnownFileType = sourcecode.swift; path = EventsTableTableViewController.swift; sourceTree = "<group>"; };
		FBF09C391A7D30EC00678B5B /* AddEventViewController.swift */ = {isa = PBXFileReference; fileEncoding = 4; lastKnownFileType = sourcecode.swift; path = AddEventViewController.swift; sourceTree = "<group>"; };
/* End PBXFileReference section */

/* Begin PBXFrameworksBuildPhase section */
		FBF09C0F1A7D305000678B5B /* Frameworks */ = {
			isa = PBXFrameworksBuildPhase;
			buildActionMask = 2147483647;
			files = (
			);
			runOnlyForDeploymentPostprocessing = 0;
		};
		FBF09C241A7D305000678B5B /* Frameworks */ = {
			isa = PBXFrameworksBuildPhase;
			buildActionMask = 2147483647;
			files = (
			);
			runOnlyForDeploymentPostprocessing = 0;
		};
/* End PBXFrameworksBuildPhase section */

/* Begin PBXGroup section */
		FBF09C091A7D305000678B5B = {
			isa = PBXGroup;
			children = (
				FBF09C141A7D305000678B5B /* simpleEventTrackerLesson10 */,
				FBF09C2A1A7D305000678B5B /* simpleEventTrackerLesson10Tests */,
				FBF09C131A7D305000678B5B /* Products */,
			);
			sourceTree = "<group>";
		};
		FBF09C131A7D305000678B5B /* Products */ = {
			isa = PBXGroup;
			children = (
				FBF09C121A7D305000678B5B /* simpleEventTrackerLesson10.app */,
				FBF09C271A7D305000678B5B /* simpleEventTrackerLesson10Tests.xctest */,
			);
			name = Products;
			sourceTree = "<group>";
		};
		FBF09C141A7D305000678B5B /* simpleEventTrackerLesson10 */ = {
			isa = PBXGroup;
			children = (
				FBF09C171A7D305000678B5B /* AppDelegate.swift */,
				FBF09C191A7D305000678B5B /* ViewController.swift */,
				FBF09C1B1A7D305000678B5B /* Main.storyboard */,
				FBF09C391A7D30EC00678B5B /* AddEventViewController.swift */,
				FBF09C371A7D30B500678B5B /* EventsTableTableViewController.swift */,
				FBF09C1E1A7D305000678B5B /* Images.xcassets */,
				FBF09C201A7D305000678B5B /* LaunchScreen.xib */,
				FBF09C151A7D305000678B5B /* Supporting Files */,
			);
			path = simpleEventTrackerLesson10;
			sourceTree = "<group>";
		};
		FBF09C151A7D305000678B5B /* Supporting Files */ = {
			isa = PBXGroup;
			children = (
				FBF09C161A7D305000678B5B /* Info.plist */,
			);
			name = "Supporting Files";
			sourceTree = "<group>";
		};
		FBF09C2A1A7D305000678B5B /* simpleEventTrackerLesson10Tests */ = {
			isa = PBXGroup;
			children = (
				FBF09C2D1A7D305000678B5B /* simpleEventTrackerLesson10Tests.swift */,
				FBF09C2B1A7D305000678B5B /* Supporting Files */,
			);
			path = simpleEventTrackerLesson10Tests;
			sourceTree = "<group>";
		};
		FBF09C2B1A7D305000678B5B /* Supporting Files */ = {
			isa = PBXGroup;
			children = (
				FBF09C2C1A7D305000678B5B /* Info.plist */,
			);
			name = "Supporting Files";
			sourceTree = "<group>";
		};
/* End PBXGroup section */

/* Begin PBXNativeTarget section */
		FBF09C111A7D305000678B5B /* simpleEventTrackerLesson10 */ = {
			isa = PBXNativeTarget;
			buildConfigurationList = FBF09C311A7D305000678B5B /* Build configuration list for PBXNativeTarget "simpleEventTrackerLesson10" */;
			buildPhases = (
				FBF09C0E1A7D305000678B5B /* Sources */,
				FBF09C0F1A7D305000678B5B /* Frameworks */,
				FBF09C101A7D305000678B5B /* Resources */,
			);
			buildRules = (
			);
			dependencies = (
			);
			name = simpleEventTrackerLesson10;
			productName = simpleEventTrackerLesson10;
			productReference = FBF09C121A7D305000678B5B /* simpleEventTrackerLesson10.app */;
			productType = "com.apple.product-type.application";
		};
		FBF09C261A7D305000678B5B /* simpleEventTrackerLesson10Tests */ = {
			isa = PBXNativeTarget;
			buildConfigurationList = FBF09C341A7D305000678B5B /* Build configuration list for PBXNativeTarget "simpleEventTrackerLesson10Tests" */;
			buildPhases = (
				FBF09C231A7D305000678B5B /* Sources */,
				FBF09C241A7D305000678B5B /* Frameworks */,
				FBF09C251A7D305000678B5B /* Resources */,
			);
			buildRules = (
			);
			dependencies = (
				FBF09C291A7D305000678B5B /* PBXTargetDependency */,
			);
			name = simpleEventTrackerLesson10Tests;
			productName = simpleEventTrackerLesson10Tests;
			productReference = FBF09C271A7D305000678B5B /* simpleEventTrackerLesson10Tests.xctest */;
			productType = "com.apple.product-type.bundle.unit-test";
		};
/* End PBXNativeTarget section */

/* Begin PBXProject section */
		FBF09C0A1A7D305000678B5B /* Project object */ = {
			isa = PBXProject;
			attributes = {
				LastUpgradeCheck = 0610;
				ORGANIZATIONNAME = "Mary Sullivan";
				TargetAttributes = {
					FBF09C111A7D305000678B5B = {
						CreatedOnToolsVersion = 6.1.1;
					};
					FBF09C261A7D305000678B5B = {
						CreatedOnToolsVersion = 6.1.1;
						TestTargetID = FBF09C111A7D305000678B5B;
					};
				};
			};
			buildConfigurationList = FBF09C0D1A7D305000678B5B /* Build configuration list for PBXProject "simpleEventTrackerLesson10" */;
			compatibilityVersion = "Xcode 3.2";
			developmentRegion = English;
			hasScannedForEncodings = 0;
			knownRegions = (
				en,
				Base,
			);
			mainGroup = FBF09C091A7D305000678B5B;
			productRefGroup = FBF09C131A7D305000678B5B /* Products */;
			projectDirPath = "";
			projectRoot = "";
			targets = (
				FBF09C111A7D305000678B5B /* simpleEventTrackerLesson10 */,
				FBF09C261A7D305000678B5B /* simpleEventTrackerLesson10Tests */,
			);
		};
/* End PBXProject section */

/* Begin PBXResourcesBuildPhase section */
		FBF09C101A7D305000678B5B /* Resources */ = {
			isa = PBXResourcesBuildPhase;
			buildActionMask = 2147483647;
			files = (
				FBF09C1D1A7D305000678B5B /* Main.storyboard in Resources */,
				FBF09C221A7D305000678B5B /* LaunchScreen.xib in Resources */,
				FBF09C1F1A7D305000678B5B /* Images.xcassets in Resources */,
			);
			runOnlyForDeploymentPostprocessing = 0;
		};
		FBF09C251A7D305000678B5B /* Resources */ = {
			isa = PBXResourcesBuildPhase;
			buildActionMask = 2147483647;
			files = (
			);
			runOnlyForDeploymentPostprocessing = 0;
		};
/* End PBXResourcesBuildPhase section */

/* Begin PBXSourcesBuildPhase section */
		FBF09C0E1A7D305000678B5B /* Sources */ = {
			isa = PBXSourcesBuildPhase;
			buildActionMask = 2147483647;
			files = (
				FBF09C1A1A7D305000678B5B /* ViewController.swift in Sources */,
				FBF09C3A1A7D30EC00678B5B /* AddEventViewController.swift in Sources */,
				FBF09C181A7D305000678B5B /* AppDelegate.swift in Sources */,
				FBF09C381A7D30B500678B5B /* EventsTableTableViewController.swift in Sources */,
			);
			runOnlyForDeploymentPostprocessing = 0;
		};
		FBF09C231A7D305000678B5B /* Sources */ = {
			isa = PBXSourcesBuildPhase;
			buildActionMask = 2147483647;
			files = (
				FBF09C2E1A7D305000678B5B /* simpleEventTrackerLesson10Tests.swift in Sources */,
			);
			runOnlyForDeploymentPostprocessing = 0;
		};
/* End PBXSourcesBuildPhase section */

/* Begin PBXTargetDependency section */
		FBF09C291A7D305000678B5B /* PBXTargetDependency */ = {
			isa = PBXTargetDependency;
			target = FBF09C111A7D305000678B5B /* simpleEventTrackerLesson10 */;
			targetProxy = FBF09C281A7D305000678B5B /* PBXContainerItemProxy */;
		};
/* End PBXTargetDependency section */

/* Begin PBXVariantGroup section */
		FBF09C1B1A7D305000678B5B /* Main.storyboard */ = {
			isa = PBXVariantGroup;
			children = (
				FBF09C1C1A7D305000678B5B /* Base */,
			);
			name = Main.storyboard;
			sourceTree = "<group>";
		};
		FBF09C201A7D305000678B5B /* LaunchScreen.xib */ = {
			isa = PBXVariantGroup;
			children = (
				FBF09C211A7D305000678B5B /* Base */,
			);
			name = LaunchScreen.xib;
			sourceTree = "<group>";
		};
/* End PBXVariantGroup section */

/* Begin XCBuildConfiguration section */
		FBF09C2F1A7D305000678B5B /* Debug */ = {
			isa = XCBuildConfiguration;
			buildSettings = {
				ALWAYS_SEARCH_USER_PATHS = NO;
				CLANG_CXX_LANGUAGE_STANDARD = "gnu++0x";
				CLANG_CXX_LIBRARY = "libc++";
				CLANG_ENABLE_MODULES = YES;
				CLANG_ENABLE_OBJC_ARC = YES;
				CLANG_WARN_BOOL_CONVERSION = YES;
				CLANG_WARN_CONSTANT_CONVERSION = YES;
				CLANG_WARN_DIRECT_OBJC_ISA_USAGE = YES_ERROR;
				CLANG_WARN_EMPTY_BODY = YES;
				CLANG_WARN_ENUM_CONVERSION = YES;
				CLANG_WARN_INT_CONVERSION = YES;
				CLANG_WARN_OBJC_ROOT_CLASS = YES_ERROR;
				CLANG_WARN_UNREACHABLE_CODE = YES;
				CLANG_WARN__DUPLICATE_METHOD_MATCH = YES;
				"CODE_SIGN_IDENTITY[sdk=iphoneos*]" = "iPhone Developer";
				COPY_PHASE_STRIP = NO;
				ENABLE_STRICT_OBJC_MSGSEND = YES;
				GCC_C_LANGUAGE_STANDARD = gnu99;
				GCC_DYNAMIC_NO_PIC = NO;
				GCC_OPTIMIZATION_LEVEL = 0;
				GCC_PREPROCESSOR_DEFINITIONS = (
					"DEBUG=1",
					"$(inherited)",
				);
				GCC_SYMBOLS_PRIVATE_EXTERN = NO;
				GCC_WARN_64_TO_32_BIT_CONVERSION = YES;
				GCC_WARN_ABOUT_RETURN_TYPE = YES_ERROR;
				GCC_WARN_UNDECLARED_SELECTOR = YES;
				GCC_WARN_UNINITIALIZED_AUTOS = YES_AGGRESSIVE;
				GCC_WARN_UNUSED_FUNCTION = YES;
				GCC_WARN_UNUSED_VARIABLE = YES;
				IPHONEOS_DEPLOYMENT_TARGET = 8.1;
				MTL_ENABLE_DEBUG_INFO = YES;
				ONLY_ACTIVE_ARCH = YES;
				SDKROOT = iphoneos;
				SWIFT_OPTIMIZATION_LEVEL = "-Onone";
			};
			name = Debug;
		};
		FBF09C301A7D305000678B5B /* Release */ = {
			isa = XCBuildConfiguration;
			buildSettings = {
				ALWAYS_SEARCH_USER_PATHS = NO;
				CLANG_CXX_LANGUAGE_STANDARD = "gnu++0x";
				CLANG_CXX_LIBRARY = "libc++";
				CLANG_ENABLE_MODULES = YES;
				CLANG_ENABLE_OBJC_ARC = YES;
				CLANG_WARN_BOOL_CONVERSION = YES;
				CLANG_WARN_CONSTANT_CONVERSION = YES;
				CLANG_WARN_DIRECT_OBJC_ISA_USAGE = YES_ERROR;
				CLANG_WARN_EMPTY_BODY = YES;
				CLANG_WARN_ENUM_CONVERSION = YES;
				CLANG_WARN_INT_CONVERSION = YES;
				CLANG_WARN_OBJC_ROOT_CLASS = YES_ERROR;
				CLANG_WARN_UNREACHABLE_CODE = YES;
				CLANG_WARN__DUPLICATE_METHOD_MATCH = YES;
				"CODE_SIGN_IDENTITY[sdk=iphoneos*]" = "iPhone Developer";
				COPY_PHASE_STRIP = YES;
				ENABLE_NS_ASSERTIONS = NO;
				ENABLE_STRICT_OBJC_MSGSEND = YES;
				GCC_C_LANGUAGE_STANDARD = gnu99;
				GCC_WARN_64_TO_32_BIT_CONVERSION = YES;
				GCC_WARN_ABOUT_RETURN_TYPE = YES_ERROR;
				GCC_WARN_UNDECLARED_SELECTOR = YES;
				GCC_WARN_UNINITIALIZED_AUTOS = YES_AGGRESSIVE;
				GCC_WARN_UNUSED_FUNCTION = YES;
				GCC_WARN_UNUSED_VARIABLE = YES;
				IPHONEOS_DEPLOYMENT_TARGET = 8.1;
				MTL_ENABLE_DEBUG_INFO = NO;
				SDKROOT = iphoneos;
				VALIDATE_PRODUCT = YES;
			};
			name = Release;
		};
		FBF09C321A7D305000678B5B /* Debug */ = {
			isa = XCBuildConfiguration;
			buildSettings = {
				ASSETCATALOG_COMPILER_APPICON_NAME = AppIcon;
				INFOPLIST_FILE = simpleEventTrackerLesson10/Info.plist;
				LD_RUNPATH_SEARCH_PATHS = "$(inherited) @executable_path/Frameworks";
				PRODUCT_NAME = "$(TARGET_NAME)";
			};
			name = Debug;
		};
		FBF09C331A7D305000678B5B /* Release */ = {
			isa = XCBuildConfiguration;
			buildSettings = {
				ASSETCATALOG_COMPILER_APPICON_NAME = AppIcon;
				INFOPLIST_FILE = simpleEventTrackerLesson10/Info.plist;
				LD_RUNPATH_SEARCH_PATHS = "$(inherited) @executable_path/Frameworks";
				PRODUCT_NAME = "$(TARGET_NAME)";
			};
			name = Release;
		};
		FBF09C351A7D305000678B5B /* Debug */ = {
			isa = XCBuildConfiguration;
			buildSettings = {
				BUNDLE_LOADER = "$(TEST_HOST)";
				FRAMEWORK_SEARCH_PATHS = (
					"$(SDKROOT)/Developer/Library/Frameworks",
					"$(inherited)",
				);
				GCC_PREPROCESSOR_DEFINITIONS = (
					"DEBUG=1",
					"$(inherited)",
				);
				INFOPLIST_FILE = simpleEventTrackerLesson10Tests/Info.plist;
				LD_RUNPATH_SEARCH_PATHS = "$(inherited) @executable_path/Frameworks @loader_path/Frameworks";
				PRODUCT_NAME = "$(TARGET_NAME)";
				TEST_HOST = "$(BUILT_PRODUCTS_DIR)/simpleEventTrackerLesson10.app/simpleEventTrackerLesson10";
			};
			name = Debug;
		};
		FBF09C361A7D305000678B5B /* Release */ = {
			isa = XCBuildConfiguration;
			buildSettings = {
				BUNDLE_LOADER = "$(TEST_HOST)";
				FRAMEWORK_SEARCH_PATHS = (
					"$(SDKROOT)/Developer/Library/Frameworks",
					"$(inherited)",
				);
				INFOPLIST_FILE = simpleEventTrackerLesson10Tests/Info.plist;
				LD_RUNPATH_SEARCH_PATHS = "$(inherited) @executable_path/Frameworks @loader_path/Frameworks";
				PRODUCT_NAME = "$(TARGET_NAME)";
				TEST_HOST = "$(BUILT_PRODUCTS_DIR)/simpleEventTrackerLesson10.app/simpleEventTrackerLesson10";
			};
			name = Release;
		};
/* End XCBuildConfiguration section */

/* Begin XCConfigurationList section */
		FBF09C0D1A7D305000678B5B /* Build configuration list for PBXProject "simpleEventTrackerLesson10" */ = {
			isa = XCConfigurationList;
			buildConfigurations = (
				FBF09C2F1A7D305000678B5B /* Debug */,
				FBF09C301A7D305000678B5B /* Release */,
			);
			defaultConfigurationIsVisible = 0;
			defaultConfigurationName = Release;
		};
		FBF09C311A7D305000678B5B /* Build configuration list for PBXNativeTarget "simpleEventTrackerLesson10" */ = {
			isa = XCConfigurationList;
			buildConfigurations = (
				FBF09C321A7D305000678B5B /* Debug */,
				FBF09C331A7D305000678B5B /* Release */,
			);
			defaultConfigurationIsVisible = 0;
		};
		FBF09C341A7D305000678B5B /* Build configuration list for PBXNativeTarget "simpleEventTrackerLesson10Tests" */ = {
			isa = XCConfigurationList;
			buildConfigurations = (
				FBF09C351A7D305000678B5B /* Debug */,
				FBF09C361A7D305000678B5B /* Release */,
			);
			defaultConfigurationIsVisible = 0;
		};
/* End XCConfigurationList section */
	};
	rootObject = FBF09C0A1A7D305000678B5B /* Project object */;
}
