// !$*UTF8*$!
{
	archiveVersion = 1;
	classes = {
	};
	objectVersion = 46;
	objects = {

/* Begin PBXBuildFile section */
		FBC6BABD1A79B314003B0E4A /* AppDelegate.swift in Sources */ = {isa = PBXBuildFile; fileRef = FBC6BABC1A79B314003B0E4A /* AppDelegate.swift */; };
		FBC6BABF1A79B314003B0E4A /* ViewController.swift in Sources */ = {isa = PBXBuildFile; fileRef = FBC6BABE1A79B314003B0E4A /* ViewController.swift */; };
		FBC6BAC21A79B314003B0E4A /* Main.storyboard in Resources */ = {isa = PBXBuildFile; fileRef = FBC6BAC01A79B314003B0E4A /* Main.storyboard */; };
		FBC6BAC41A79B314003B0E4A /* Images.xcassets in Resources */ = {isa = PBXBuildFile; fileRef = FBC6BAC31A79B314003B0E4A /* Images.xcassets */; };
		FBC6BAC71A79B314003B0E4A /* LaunchScreen.xib in Resources */ = {isa = PBXBuildFile; fileRef = FBC6BAC51A79B314003B0E4A /* LaunchScreen.xib */; };
		FBC6BAD31A79B314003B0E4A /* arrayPracticeLesson10Tests.swift in Sources */ = {isa = PBXBuildFile; fileRef = FBC6BAD21A79B314003B0E4A /* arrayPracticeLesson10Tests.swift */; };
		FBE7CD961A79C08200D758E9 /* TableViewController.swift in Sources */ = {isa = PBXBuildFile; fileRef = FBE7CD951A79C08200D758E9 /* TableViewController.swift */; };
/* End PBXBuildFile section */

/* Begin PBXContainerItemProxy section */
		FBC6BACD1A79B314003B0E4A /* PBXContainerItemProxy */ = {
			isa = PBXContainerItemProxy;
			containerPortal = FBC6BAAF1A79B313003B0E4A /* Project object */;
			proxyType = 1;
			remoteGlobalIDString = FBC6BAB61A79B313003B0E4A;
			remoteInfo = arrayPracticeLesson10;
		};
/* End PBXContainerItemProxy section */

/* Begin PBXFileReference section */
		FBC6BAB71A79B313003B0E4A /* arrayPracticeLesson10.app */ = {isa = PBXFileReference; explicitFileType = wrapper.application; includeInIndex = 0; path = arrayPracticeLesson10.app; sourceTree = BUILT_PRODUCTS_DIR; };
		FBC6BABB1A79B314003B0E4A /* Info.plist */ = {isa = PBXFileReference; lastKnownFileType = text.plist.xml; path = Info.plist; sourceTree = "<group>"; };
		FBC6BABC1A79B314003B0E4A /* AppDelegate.swift */ = {isa = PBXFileReference; lastKnownFileType = sourcecode.swift; path = AppDelegate.swift; sourceTree = "<group>"; };
		FBC6BABE1A79B314003B0E4A /* ViewController.swift */ = {isa = PBXFileReference; lastKnownFileType = sourcecode.swift; path = ViewController.swift; sourceTree = "<group>"; };
		FBC6BAC11A79B314003B0E4A /* Base */ = {isa = PBXFileReference; lastKnownFileType = file.storyboard; name = Base; path = Base.lproj/Main.storyboard; sourceTree = "<group>"; };
		FBC6BAC31A79B314003B0E4A /* Images.xcassets */ = {isa = PBXFileReference; lastKnownFileType = folder.assetcatalog; path = Images.xcassets; sourceTree = "<group>"; };
		FBC6BAC61A79B314003B0E4A /* Base */ = {isa = PBXFileReference; lastKnownFileType = file.xib; name = Base; path = Base.lproj/LaunchScreen.xib; sourceTree = "<group>"; };
		FBC6BACC1A79B314003B0E4A /* arrayPracticeLesson10Tests.xctest */ = {isa = PBXFileReference; explicitFileType = wrapper.cfbundle; includeInIndex = 0; path = arrayPracticeLesson10Tests.xctest; sourceTree = BUILT_PRODUCTS_DIR; };
		FBC6BAD11A79B314003B0E4A /* Info.plist */ = {isa = PBXFileReference; lastKnownFileType = text.plist.xml; path = Info.plist; sourceTree = "<group>"; };
		FBC6BAD21A79B314003B0E4A /* arrayPracticeLesson10Tests.swift */ = {isa = PBXFileReference; lastKnownFileType = sourcecode.swift; path = arrayPracticeLesson10Tests.swift; sourceTree = "<group>"; };
		FBE7CD951A79C08200D758E9 /* TableViewController.swift */ = {isa = PBXFileReference; fileEncoding = 4; lastKnownFileType = sourcecode.swift; path = TableViewController.swift; sourceTree = "<group>"; };
/* End PBXFileReference section */

/* Begin PBXFrameworksBuildPhase section */
		FBC6BAB41A79B313003B0E4A /* Frameworks */ = {
			isa = PBXFrameworksBuildPhase;
			buildActionMask = 2147483647;
			files = (
			);
			runOnlyForDeploymentPostprocessing = 0;
		};
		FBC6BAC91A79B314003B0E4A /* Frameworks */ = {
			isa = PBXFrameworksBuildPhase;
			buildActionMask = 2147483647;
			files = (
			);
			runOnlyForDeploymentPostprocessing = 0;
		};
/* End PBXFrameworksBuildPhase section */

/* Begin PBXGroup section */
		FBC6BAAE1A79B313003B0E4A = {
			isa = PBXGroup;
			children = (
				FBC6BAB91A79B313003B0E4A /* arrayPracticeLesson10 */,
				FBC6BACF1A79B314003B0E4A /* arrayPracticeLesson10Tests */,
				FBC6BAB81A79B313003B0E4A /* Products */,
			);
			sourceTree = "<group>";
		};
		FBC6BAB81A79B313003B0E4A /* Products */ = {
			isa = PBXGroup;
			children = (
				FBC6BAB71A79B313003B0E4A /* arrayPracticeLesson10.app */,
				FBC6BACC1A79B314003B0E4A /* arrayPracticeLesson10Tests.xctest */,
			);
			name = Products;
			sourceTree = "<group>";
		};
		FBC6BAB91A79B313003B0E4A /* arrayPracticeLesson10 */ = {
			isa = PBXGroup;
			children = (
				FBC6BABC1A79B314003B0E4A /* AppDelegate.swift */,
				FBC6BABE1A79B314003B0E4A /* ViewController.swift */,
				FBC6BAC01A79B314003B0E4A /* Main.storyboard */,
				FBE7CD951A79C08200D758E9 /* TableViewController.swift */,
				FBC6BAC31A79B314003B0E4A /* Images.xcassets */,
				FBC6BAC51A79B314003B0E4A /* LaunchScreen.xib */,
				FBC6BABA1A79B314003B0E4A /* Supporting Files */,
			);
			path = arrayPracticeLesson10;
			sourceTree = "<group>";
		};
		FBC6BABA1A79B314003B0E4A /* Supporting Files */ = {
			isa = PBXGroup;
			children = (
				FBC6BABB1A79B314003B0E4A /* Info.plist */,
			);
			name = "Supporting Files";
			sourceTree = "<group>";
		};
		FBC6BACF1A79B314003B0E4A /* arrayPracticeLesson10Tests */ = {
			isa = PBXGroup;
			children = (
				FBC6BAD21A79B314003B0E4A /* arrayPracticeLesson10Tests.swift */,
				FBC6BAD01A79B314003B0E4A /* Supporting Files */,
			);
			path = arrayPracticeLesson10Tests;
			sourceTree = "<group>";
		};
		FBC6BAD01A79B314003B0E4A /* Supporting Files */ = {
			isa = PBXGroup;
			children = (
				FBC6BAD11A79B314003B0E4A /* Info.plist */,
			);
			name = "Supporting Files";
			sourceTree = "<group>";
		};
/* End PBXGroup section */

/* Begin PBXNativeTarget section */
		FBC6BAB61A79B313003B0E4A /* arrayPracticeLesson10 */ = {
			isa = PBXNativeTarget;
			buildConfigurationList = FBC6BAD61A79B314003B0E4A /* Build configuration list for PBXNativeTarget "arrayPracticeLesson10" */;
			buildPhases = (
				FBC6BAB31A79B313003B0E4A /* Sources */,
				FBC6BAB41A79B313003B0E4A /* Frameworks */,
				FBC6BAB51A79B313003B0E4A /* Resources */,
			);
			buildRules = (
			);
			dependencies = (
			);
			name = arrayPracticeLesson10;
			productName = arrayPracticeLesson10;
			productReference = FBC6BAB71A79B313003B0E4A /* arrayPracticeLesson10.app */;
			productType = "com.apple.product-type.application";
		};
		FBC6BACB1A79B314003B0E4A /* arrayPracticeLesson10Tests */ = {
			isa = PBXNativeTarget;
			buildConfigurationList = FBC6BAD91A79B314003B0E4A /* Build configuration list for PBXNativeTarget "arrayPracticeLesson10Tests" */;
			buildPhases = (
				FBC6BAC81A79B314003B0E4A /* Sources */,
				FBC6BAC91A79B314003B0E4A /* Frameworks */,
				FBC6BACA1A79B314003B0E4A /* Resources */,
			);
			buildRules = (
			);
			dependencies = (
				FBC6BACE1A79B314003B0E4A /* PBXTargetDependency */,
			);
			name = arrayPracticeLesson10Tests;
			productName = arrayPracticeLesson10Tests;
			productReference = FBC6BACC1A79B314003B0E4A /* arrayPracticeLesson10Tests.xctest */;
			productType = "com.apple.product-type.bundle.unit-test";
		};
/* End PBXNativeTarget section */

/* Begin PBXProject section */
		FBC6BAAF1A79B313003B0E4A /* Project object */ = {
			isa = PBXProject;
			attributes = {
				LastUpgradeCheck = 0610;
				ORGANIZATIONNAME = "Mary Sullivan";
				TargetAttributes = {
					FBC6BAB61A79B313003B0E4A = {
						CreatedOnToolsVersion = 6.1.1;
					};
					FBC6BACB1A79B314003B0E4A = {
						CreatedOnToolsVersion = 6.1.1;
						TestTargetID = FBC6BAB61A79B313003B0E4A;
					};
				};
			};
			buildConfigurationList = FBC6BAB21A79B313003B0E4A /* Build configuration list for PBXProject "arrayPracticeLesson10" */;
			compatibilityVersion = "Xcode 3.2";
			developmentRegion = English;
			hasScannedForEncodings = 0;
			knownRegions = (
				en,
				Base,
			);
			mainGroup = FBC6BAAE1A79B313003B0E4A;
			productRefGroup = FBC6BAB81A79B313003B0E4A /* Products */;
			projectDirPath = "";
			projectRoot = "";
			targets = (
				FBC6BAB61A79B313003B0E4A /* arrayPracticeLesson10 */,
				FBC6BACB1A79B314003B0E4A /* arrayPracticeLesson10Tests */,
			);
		};
/* End PBXProject section */

/* Begin PBXResourcesBuildPhase section */
		FBC6BAB51A79B313003B0E4A /* Resources */ = {
			isa = PBXResourcesBuildPhase;
			buildActionMask = 2147483647;
			files = (
				FBC6BAC21A79B314003B0E4A /* Main.storyboard in Resources */,
				FBC6BAC71A79B314003B0E4A /* LaunchScreen.xib in Resources */,
				FBC6BAC41A79B314003B0E4A /* Images.xcassets in Resources */,
			);
			runOnlyForDeploymentPostprocessing = 0;
		};
		FBC6BACA1A79B314003B0E4A /* Resources */ = {
			isa = PBXResourcesBuildPhase;
			buildActionMask = 2147483647;
			files = (
			);
			runOnlyForDeploymentPostprocessing = 0;
		};
/* End PBXResourcesBuildPhase section */

/* Begin PBXSourcesBuildPhase section */
		FBC6BAB31A79B313003B0E4A /* Sources */ = {
			isa = PBXSourcesBuildPhase;
			buildActionMask = 2147483647;
			files = (
				FBC6BABF1A79B314003B0E4A /* ViewController.swift in Sources */,
				FBE7CD961A79C08200D758E9 /* TableViewController.swift in Sources */,
				FBC6BABD1A79B314003B0E4A /* AppDelegate.swift in Sources */,
			);
			runOnlyForDeploymentPostprocessing = 0;
		};
		FBC6BAC81A79B314003B0E4A /* Sources */ = {
			isa = PBXSourcesBuildPhase;
			buildActionMask = 2147483647;
			files = (
				FBC6BAD31A79B314003B0E4A /* arrayPracticeLesson10Tests.swift in Sources */,
			);
			runOnlyForDeploymentPostprocessing = 0;
		};
/* End PBXSourcesBuildPhase section */

/* Begin PBXTargetDependency section */
		FBC6BACE1A79B314003B0E4A /* PBXTargetDependency */ = {
			isa = PBXTargetDependency;
			target = FBC6BAB61A79B313003B0E4A /* arrayPracticeLesson10 */;
			targetProxy = FBC6BACD1A79B314003B0E4A /* PBXContainerItemProxy */;
		};
/* End PBXTargetDependency section */

/* Begin PBXVariantGroup section */
		FBC6BAC01A79B314003B0E4A /* Main.storyboard */ = {
			isa = PBXVariantGroup;
			children = (
				FBC6BAC11A79B314003B0E4A /* Base */,
			);
			name = Main.storyboard;
			sourceTree = "<group>";
		};
		FBC6BAC51A79B314003B0E4A /* LaunchScreen.xib */ = {
			isa = PBXVariantGroup;
			children = (
				FBC6BAC61A79B314003B0E4A /* Base */,
			);
			name = LaunchScreen.xib;
			sourceTree = "<group>";
		};
/* End PBXVariantGroup section */

/* Begin XCBuildConfiguration section */
		FBC6BAD41A79B314003B0E4A /* Debug */ = {
			isa = XCBuildConfiguration;
			buildSettings = {
				ALWAYS_SEARCH_USER_PATHS = NO;
				CLANG_CXX_LANGUAGE_STANDARD = "gnu++0x";
				CLANG_CXX_LIBRARY = "libc++";
				CLANG_ENABLE_MODULES = YES;
				CLANG_ENABLE_OBJC_ARC = YES;
				CLANG_WARN_BOOL_CONVERSION = YES;
				CLANG_WARN_CONSTANT_CONVERSION = YES;
				CLANG_WARN_DIRECT_OBJC_ISA_USAGE = YES_ERROR;
				CLANG_WARN_EMPTY_BODY = YES;
				CLANG_WARN_ENUM_CONVERSION = YES;
				CLANG_WARN_INT_CONVERSION = YES;
				CLANG_WARN_OBJC_ROOT_CLASS = YES_ERROR;
				CLANG_WARN_UNREACHABLE_CODE = YES;
				CLANG_WARN__DUPLICATE_METHOD_MATCH = YES;
				"CODE_SIGN_IDENTITY[sdk=iphoneos*]" = "iPhone Developer";
				COPY_PHASE_STRIP = NO;
				ENABLE_STRICT_OBJC_MSGSEND = YES;
				GCC_C_LANGUAGE_STANDARD = gnu99;
				GCC_DYNAMIC_NO_PIC = NO;
				GCC_OPTIMIZATION_LEVEL = 0;
				GCC_PREPROCESSOR_DEFINITIONS = (
					"DEBUG=1",
					"$(inherited)",
				);
				GCC_SYMBOLS_PRIVATE_EXTERN = NO;
				GCC_WARN_64_TO_32_BIT_CONVERSION = YES;
				GCC_WARN_ABOUT_RETURN_TYPE = YES_ERROR;
				GCC_WARN_UNDECLARED_SELECTOR = YES;
				GCC_WARN_UNINITIALIZED_AUTOS = YES_AGGRESSIVE;
				GCC_WARN_UNUSED_FUNCTION = YES;
				GCC_WARN_UNUSED_VARIABLE = YES;
				IPHONEOS_DEPLOYMENT_TARGET = 8.1;
				MTL_ENABLE_DEBUG_INFO = YES;
				ONLY_ACTIVE_ARCH = YES;
				SDKROOT = iphoneos;
				SWIFT_OPTIMIZATION_LEVEL = "-Onone";
			};
			name = Debug;
		};
		FBC6BAD51A79B314003B0E4A /* Release */ = {
			isa = XCBuildConfiguration;
			buildSettings = {
				ALWAYS_SEARCH_USER_PATHS = NO;
				CLANG_CXX_LANGUAGE_STANDARD = "gnu++0x";
				CLANG_CXX_LIBRARY = "libc++";
				CLANG_ENABLE_MODULES = YES;
				CLANG_ENABLE_OBJC_ARC = YES;
				CLANG_WARN_BOOL_CONVERSION = YES;
				CLANG_WARN_CONSTANT_CONVERSION = YES;
				CLANG_WARN_DIRECT_OBJC_ISA_USAGE = YES_ERROR;
				CLANG_WARN_EMPTY_BODY = YES;
				CLANG_WARN_ENUM_CONVERSION = YES;
				CLANG_WARN_INT_CONVERSION = YES;
				CLANG_WARN_OBJC_ROOT_CLASS = YES_ERROR;
				CLANG_WARN_UNREACHABLE_CODE = YES;
				CLANG_WARN__DUPLICATE_METHOD_MATCH = YES;
				"CODE_SIGN_IDENTITY[sdk=iphoneos*]" = "iPhone Developer";
				COPY_PHASE_STRIP = YES;
				ENABLE_NS_ASSERTIONS = NO;
				ENABLE_STRICT_OBJC_MSGSEND = YES;
				GCC_C_LANGUAGE_STANDARD = gnu99;
				GCC_WARN_64_TO_32_BIT_CONVERSION = YES;
				GCC_WARN_ABOUT_RETURN_TYPE = YES_ERROR;
				GCC_WARN_UNDECLARED_SELECTOR = YES;
				GCC_WARN_UNINITIALIZED_AUTOS = YES_AGGRESSIVE;
				GCC_WARN_UNUSED_FUNCTION = YES;
				GCC_WARN_UNUSED_VARIABLE = YES;
				IPHONEOS_DEPLOYMENT_TARGET = 8.1;
				MTL_ENABLE_DEBUG_INFO = NO;
				SDKROOT = iphoneos;
				VALIDATE_PRODUCT = YES;
			};
			name = Release;
		};
		FBC6BAD71A79B314003B0E4A /* Debug */ = {
			isa = XCBuildConfiguration;
			buildSettings = {
				ASSETCATALOG_COMPILER_APPICON_NAME = AppIcon;
				INFOPLIST_FILE = arrayPracticeLesson10/Info.plist;
				LD_RUNPATH_SEARCH_PATHS = "$(inherited) @executable_path/Frameworks";
				PRODUCT_NAME = "$(TARGET_NAME)";
			};
			name = Debug;
		};
		FBC6BAD81A79B314003B0E4A /* Release */ = {
			isa = XCBuildConfiguration;
			buildSettings = {
				ASSETCATALOG_COMPILER_APPICON_NAME = AppIcon;
				INFOPLIST_FILE = arrayPracticeLesson10/Info.plist;
				LD_RUNPATH_SEARCH_PATHS = "$(inherited) @executable_path/Frameworks";
				PRODUCT_NAME = "$(TARGET_NAME)";
			};
			name = Release;
		};
		FBC6BADA1A79B314003B0E4A /* Debug */ = {
			isa = XCBuildConfiguration;
			buildSettings = {
				BUNDLE_LOADER = "$(TEST_HOST)";
				FRAMEWORK_SEARCH_PATHS = (
					"$(SDKROOT)/Developer/Library/Frameworks",
					"$(inherited)",
				);
				GCC_PREPROCESSOR_DEFINITIONS = (
					"DEBUG=1",
					"$(inherited)",
				);
				INFOPLIST_FILE = arrayPracticeLesson10Tests/Info.plist;
				LD_RUNPATH_SEARCH_PATHS = "$(inherited) @executable_path/Frameworks @loader_path/Frameworks";
				PRODUCT_NAME = "$(TARGET_NAME)";
				TEST_HOST = "$(BUILT_PRODUCTS_DIR)/arrayPracticeLesson10.app/arrayPracticeLesson10";
			};
			name = Debug;
		};
		FBC6BADB1A79B314003B0E4A /* Release */ = {
			isa = XCBuildConfiguration;
			buildSettings = {
				BUNDLE_LOADER = "$(TEST_HOST)";
				FRAMEWORK_SEARCH_PATHS = (
					"$(SDKROOT)/Developer/Library/Frameworks",
					"$(inherited)",
				);
				INFOPLIST_FILE = arrayPracticeLesson10Tests/Info.plist;
				LD_RUNPATH_SEARCH_PATHS = "$(inherited) @executable_path/Frameworks @loader_path/Frameworks";
				PRODUCT_NAME = "$(TARGET_NAME)";
				TEST_HOST = "$(BUILT_PRODUCTS_DIR)/arrayPracticeLesson10.app/arrayPracticeLesson10";
			};
			name = Release;
		};
/* End XCBuildConfiguration section */

/* Begin XCConfigurationList section */
		FBC6BAB21A79B313003B0E4A /* Build configuration list for PBXProject "arrayPracticeLesson10" */ = {
			isa = XCConfigurationList;
			buildConfigurations = (
				FBC6BAD41A79B314003B0E4A /* Debug */,
				FBC6BAD51A79B314003B0E4A /* Release */,
			);
			defaultConfigurationIsVisible = 0;
			defaultConfigurationName = Release;
		};
		FBC6BAD61A79B314003B0E4A /* Build configuration list for PBXNativeTarget "arrayPracticeLesson10" */ = {
			isa = XCConfigurationList;
			buildConfigurations = (
				FBC6BAD71A79B314003B0E4A /* Debug */,
				FBC6BAD81A79B314003B0E4A /* Release */,
			);
			defaultConfigurationIsVisible = 0;
			defaultConfigurationName = Release;
		};
		FBC6BAD91A79B314003B0E4A /* Build configuration list for PBXNativeTarget "arrayPracticeLesson10Tests" */ = {
			isa = XCConfigurationList;
			buildConfigurations = (
				FBC6BADA1A79B314003B0E4A /* Debug */,
				FBC6BADB1A79B314003B0E4A /* Release */,
			);
			defaultConfigurationIsVisible = 0;
			defaultConfigurationName = Release;
		};
/* End XCConfigurationList section */
	};
	rootObject = FBC6BAAF1A79B313003B0E4A /* Project object */;
}
