// !$*UTF8*$!
{
	archiveVersion = 1;
	classes = {
	};
	objectVersion = 46;
	objects = {

/* Begin PBXBuildFile section */
		FBF9EFD81A898F1700FCE6A0 /* AppDelegate.swift in Sources */ = {isa = PBXBuildFile; fileRef = FBF9EFD71A898F1700FCE6A0 /* AppDelegate.swift */; };
		FBF9EFDA1A898F1700FCE6A0 /* ViewController.swift in Sources */ = {isa = PBXBuildFile; fileRef = FBF9EFD91A898F1700FCE6A0 /* ViewController.swift */; };
		FBF9EFDD1A898F1700FCE6A0 /* Main.storyboard in Resources */ = {isa = PBXBuildFile; fileRef = FBF9EFDB1A898F1700FCE6A0 /* Main.storyboard */; };
		FBF9EFDF1A898F1700FCE6A0 /* Images.xcassets in Resources */ = {isa = PBXBuildFile; fileRef = FBF9EFDE1A898F1700FCE6A0 /* Images.xcassets */; };
		FBF9EFE21A898F1700FCE6A0 /* LaunchScreen.xib in Resources */ = {isa = PBXBuildFile; fileRef = FBF9EFE01A898F1700FCE6A0 /* LaunchScreen.xib */; };
		FBF9EFEE1A898F1700FCE6A0 /* faceExerciseLesson13Tests.swift in Sources */ = {isa = PBXBuildFile; fileRef = FBF9EFED1A898F1700FCE6A0 /* faceExerciseLesson13Tests.swift */; };
		FBF9EFF81A899CAF00FCE6A0 /* SecondViewController.swift in Sources */ = {isa = PBXBuildFile; fileRef = FBF9EFF71A899CAF00FCE6A0 /* SecondViewController.swift */; };
/* End PBXBuildFile section */

/* Begin PBXContainerItemProxy section */
		FBF9EFE81A898F1700FCE6A0 /* PBXContainerItemProxy */ = {
			isa = PBXContainerItemProxy;
			containerPortal = FBF9EFCA1A898F1700FCE6A0 /* Project object */;
			proxyType = 1;
			remoteGlobalIDString = FBF9EFD11A898F1700FCE6A0;
			remoteInfo = faceExerciseLesson13;
		};
/* End PBXContainerItemProxy section */

/* Begin PBXFileReference section */
		FBF9EFD21A898F1700FCE6A0 /* faceExerciseLesson13.app */ = {isa = PBXFileReference; explicitFileType = wrapper.application; includeInIndex = 0; path = faceExerciseLesson13.app; sourceTree = BUILT_PRODUCTS_DIR; };
		FBF9EFD61A898F1700FCE6A0 /* Info.plist */ = {isa = PBXFileReference; lastKnownFileType = text.plist.xml; path = Info.plist; sourceTree = "<group>"; };
		FBF9EFD71A898F1700FCE6A0 /* AppDelegate.swift */ = {isa = PBXFileReference; lastKnownFileType = sourcecode.swift; path = AppDelegate.swift; sourceTree = "<group>"; };
		FBF9EFD91A898F1700FCE6A0 /* ViewController.swift */ = {isa = PBXFileReference; lastKnownFileType = sourcecode.swift; path = ViewController.swift; sourceTree = "<group>"; };
		FBF9EFDC1A898F1700FCE6A0 /* Base */ = {isa = PBXFileReference; lastKnownFileType = file.storyboard; name = Base; path = Base.lproj/Main.storyboard; sourceTree = "<group>"; };
		FBF9EFDE1A898F1700FCE6A0 /* Images.xcassets */ = {isa = PBXFileReference; lastKnownFileType = folder.assetcatalog; path = Images.xcassets; sourceTree = "<group>"; };
		FBF9EFE11A898F1700FCE6A0 /* Base */ = {isa = PBXFileReference; lastKnownFileType = file.xib; name = Base; path = Base.lproj/LaunchScreen.xib; sourceTree = "<group>"; };
		FBF9EFE71A898F1700FCE6A0 /* faceExerciseLesson13Tests.xctest */ = {isa = PBXFileReference; explicitFileType = wrapper.cfbundle; includeInIndex = 0; path = faceExerciseLesson13Tests.xctest; sourceTree = BUILT_PRODUCTS_DIR; };
		FBF9EFEC1A898F1700FCE6A0 /* Info.plist */ = {isa = PBXFileReference; lastKnownFileType = text.plist.xml; path = Info.plist; sourceTree = "<group>"; };
		FBF9EFED1A898F1700FCE6A0 /* faceExerciseLesson13Tests.swift */ = {isa = PBXFileReference; lastKnownFileType = sourcecode.swift; path = faceExerciseLesson13Tests.swift; sourceTree = "<group>"; };
		FBF9EFF71A899CAF00FCE6A0 /* SecondViewController.swift */ = {isa = PBXFileReference; fileEncoding = 4; lastKnownFileType = sourcecode.swift; path = SecondViewController.swift; sourceTree = "<group>"; };
/* End PBXFileReference section */

/* Begin PBXFrameworksBuildPhase section */
		FBF9EFCF1A898F1700FCE6A0 /* Frameworks */ = {
			isa = PBXFrameworksBuildPhase;
			buildActionMask = 2147483647;
			files = (
			);
			runOnlyForDeploymentPostprocessing = 0;
		};
		FBF9EFE41A898F1700FCE6A0 /* Frameworks */ = {
			isa = PBXFrameworksBuildPhase;
			buildActionMask = 2147483647;
			files = (
			);
			runOnlyForDeploymentPostprocessing = 0;
		};
/* End PBXFrameworksBuildPhase section */

/* Begin PBXGroup section */
		FBF9EFC91A898F1700FCE6A0 = {
			isa = PBXGroup;
			children = (
				FBF9EFD41A898F1700FCE6A0 /* faceExerciseLesson13 */,
				FBF9EFEA1A898F1700FCE6A0 /* faceExerciseLesson13Tests */,
				FBF9EFD31A898F1700FCE6A0 /* Products */,
			);
			sourceTree = "<group>";
		};
		FBF9EFD31A898F1700FCE6A0 /* Products */ = {
			isa = PBXGroup;
			children = (
				FBF9EFD21A898F1700FCE6A0 /* faceExerciseLesson13.app */,
				FBF9EFE71A898F1700FCE6A0 /* faceExerciseLesson13Tests.xctest */,
			);
			name = Products;
			sourceTree = "<group>";
		};
		FBF9EFD41A898F1700FCE6A0 /* faceExerciseLesson13 */ = {
			isa = PBXGroup;
			children = (
				FBF9EFD71A898F1700FCE6A0 /* AppDelegate.swift */,
				FBF9EFD91A898F1700FCE6A0 /* ViewController.swift */,
				FBF9EFDB1A898F1700FCE6A0 /* Main.storyboard */,
				FBF9EFF71A899CAF00FCE6A0 /* SecondViewController.swift */,
				FBF9EFDE1A898F1700FCE6A0 /* Images.xcassets */,
				FBF9EFE01A898F1700FCE6A0 /* LaunchScreen.xib */,
				FBF9EFD51A898F1700FCE6A0 /* Supporting Files */,
			);
			path = faceExerciseLesson13;
			sourceTree = "<group>";
		};
		FBF9EFD51A898F1700FCE6A0 /* Supporting Files */ = {
			isa = PBXGroup;
			children = (
				FBF9EFD61A898F1700FCE6A0 /* Info.plist */,
			);
			name = "Supporting Files";
			sourceTree = "<group>";
		};
		FBF9EFEA1A898F1700FCE6A0 /* faceExerciseLesson13Tests */ = {
			isa = PBXGroup;
			children = (
				FBF9EFED1A898F1700FCE6A0 /* faceExerciseLesson13Tests.swift */,
				FBF9EFEB1A898F1700FCE6A0 /* Supporting Files */,
			);
			path = faceExerciseLesson13Tests;
			sourceTree = "<group>";
		};
		FBF9EFEB1A898F1700FCE6A0 /* Supporting Files */ = {
			isa = PBXGroup;
			children = (
				FBF9EFEC1A898F1700FCE6A0 /* Info.plist */,
			);
			name = "Supporting Files";
			sourceTree = "<group>";
		};
/* End PBXGroup section */

/* Begin PBXNativeTarget section */
		FBF9EFD11A898F1700FCE6A0 /* faceExerciseLesson13 */ = {
			isa = PBXNativeTarget;
			buildConfigurationList = FBF9EFF11A898F1700FCE6A0 /* Build configuration list for PBXNativeTarget "faceExerciseLesson13" */;
			buildPhases = (
				FBF9EFCE1A898F1700FCE6A0 /* Sources */,
				FBF9EFCF1A898F1700FCE6A0 /* Frameworks */,
				FBF9EFD01A898F1700FCE6A0 /* Resources */,
			);
			buildRules = (
			);
			dependencies = (
			);
			name = faceExerciseLesson13;
			productName = faceExerciseLesson13;
			productReference = FBF9EFD21A898F1700FCE6A0 /* faceExerciseLesson13.app */;
			productType = "com.apple.product-type.application";
		};
		FBF9EFE61A898F1700FCE6A0 /* faceExerciseLesson13Tests */ = {
			isa = PBXNativeTarget;
			buildConfigurationList = FBF9EFF41A898F1700FCE6A0 /* Build configuration list for PBXNativeTarget "faceExerciseLesson13Tests" */;
			buildPhases = (
				FBF9EFE31A898F1700FCE6A0 /* Sources */,
				FBF9EFE41A898F1700FCE6A0 /* Frameworks */,
				FBF9EFE51A898F1700FCE6A0 /* Resources */,
			);
			buildRules = (
			);
			dependencies = (
				FBF9EFE91A898F1700FCE6A0 /* PBXTargetDependency */,
			);
			name = faceExerciseLesson13Tests;
			productName = faceExerciseLesson13Tests;
			productReference = FBF9EFE71A898F1700FCE6A0 /* faceExerciseLesson13Tests.xctest */;
			productType = "com.apple.product-type.bundle.unit-test";
		};
/* End PBXNativeTarget section */

/* Begin PBXProject section */
		FBF9EFCA1A898F1700FCE6A0 /* Project object */ = {
			isa = PBXProject;
			attributes = {
				LastUpgradeCheck = 0610;
				ORGANIZATIONNAME = "Mary Sullivan";
				TargetAttributes = {
					FBF9EFD11A898F1700FCE6A0 = {
						CreatedOnToolsVersion = 6.1.1;
					};
					FBF9EFE61A898F1700FCE6A0 = {
						CreatedOnToolsVersion = 6.1.1;
						TestTargetID = FBF9EFD11A898F1700FCE6A0;
					};
				};
			};
			buildConfigurationList = FBF9EFCD1A898F1700FCE6A0 /* Build configuration list for PBXProject "faceExerciseLesson13" */;
			compatibilityVersion = "Xcode 3.2";
			developmentRegion = English;
			hasScannedForEncodings = 0;
			knownRegions = (
				en,
				Base,
			);
			mainGroup = FBF9EFC91A898F1700FCE6A0;
			productRefGroup = FBF9EFD31A898F1700FCE6A0 /* Products */;
			projectDirPath = "";
			projectRoot = "";
			targets = (
				FBF9EFD11A898F1700FCE6A0 /* faceExerciseLesson13 */,
				FBF9EFE61A898F1700FCE6A0 /* faceExerciseLesson13Tests */,
			);
		};
/* End PBXProject section */

/* Begin PBXResourcesBuildPhase section */
		FBF9EFD01A898F1700FCE6A0 /* Resources */ = {
			isa = PBXResourcesBuildPhase;
			buildActionMask = 2147483647;
			files = (
				FBF9EFDD1A898F1700FCE6A0 /* Main.storyboard in Resources */,
				FBF9EFE21A898F1700FCE6A0 /* LaunchScreen.xib in Resources */,
				FBF9EFDF1A898F1700FCE6A0 /* Images.xcassets in Resources */,
			);
			runOnlyForDeploymentPostprocessing = 0;
		};
		FBF9EFE51A898F1700FCE6A0 /* Resources */ = {
			isa = PBXResourcesBuildPhase;
			buildActionMask = 2147483647;
			files = (
			);
			runOnlyForDeploymentPostprocessing = 0;
		};
/* End PBXResourcesBuildPhase section */

/* Begin PBXSourcesBuildPhase section */
		FBF9EFCE1A898F1700FCE6A0 /* Sources */ = {
			isa = PBXSourcesBuildPhase;
			buildActionMask = 2147483647;
			files = (
				FBF9EFF81A899CAF00FCE6A0 /* SecondViewController.swift in Sources */,
				FBF9EFDA1A898F1700FCE6A0 /* ViewController.swift in Sources */,
				FBF9EFD81A898F1700FCE6A0 /* AppDelegate.swift in Sources */,
			);
			runOnlyForDeploymentPostprocessing = 0;
		};
		FBF9EFE31A898F1700FCE6A0 /* Sources */ = {
			isa = PBXSourcesBuildPhase;
			buildActionMask = 2147483647;
			files = (
				FBF9EFEE1A898F1700FCE6A0 /* faceExerciseLesson13Tests.swift in Sources */,
			);
			runOnlyForDeploymentPostprocessing = 0;
		};
/* End PBXSourcesBuildPhase section */

/* Begin PBXTargetDependency section */
		FBF9EFE91A898F1700FCE6A0 /* PBXTargetDependency */ = {
			isa = PBXTargetDependency;
			target = FBF9EFD11A898F1700FCE6A0 /* faceExerciseLesson13 */;
			targetProxy = FBF9EFE81A898F1700FCE6A0 /* PBXContainerItemProxy */;
		};
/* End PBXTargetDependency section */

/* Begin PBXVariantGroup section */
		FBF9EFDB1A898F1700FCE6A0 /* Main.storyboard */ = {
			isa = PBXVariantGroup;
			children = (
				FBF9EFDC1A898F1700FCE6A0 /* Base */,
			);
			name = Main.storyboard;
			sourceTree = "<group>";
		};
		FBF9EFE01A898F1700FCE6A0 /* LaunchScreen.xib */ = {
			isa = PBXVariantGroup;
			children = (
				FBF9EFE11A898F1700FCE6A0 /* Base */,
			);
			name = LaunchScreen.xib;
			sourceTree = "<group>";
		};
/* End PBXVariantGroup section */

/* Begin XCBuildConfiguration section */
		FBF9EFEF1A898F1700FCE6A0 /* Debug */ = {
			isa = XCBuildConfiguration;
			buildSettings = {
				ALWAYS_SEARCH_USER_PATHS = NO;
				CLANG_CXX_LANGUAGE_STANDARD = "gnu++0x";
				CLANG_CXX_LIBRARY = "libc++";
				CLANG_ENABLE_MODULES = YES;
				CLANG_ENABLE_OBJC_ARC = YES;
				CLANG_WARN_BOOL_CONVERSION = YES;
				CLANG_WARN_CONSTANT_CONVERSION = YES;
				CLANG_WARN_DIRECT_OBJC_ISA_USAGE = YES_ERROR;
				CLANG_WARN_EMPTY_BODY = YES;
				CLANG_WARN_ENUM_CONVERSION = YES;
				CLANG_WARN_INT_CONVERSION = YES;
				CLANG_WARN_OBJC_ROOT_CLASS = YES_ERROR;
				CLANG_WARN_UNREACHABLE_CODE = YES;
				CLANG_WARN__DUPLICATE_METHOD_MATCH = YES;
				"CODE_SIGN_IDENTITY[sdk=iphoneos*]" = "iPhone Developer";
				COPY_PHASE_STRIP = NO;
				ENABLE_STRICT_OBJC_MSGSEND = YES;
				GCC_C_LANGUAGE_STANDARD = gnu99;
				GCC_DYNAMIC_NO_PIC = NO;
				GCC_OPTIMIZATION_LEVEL = 0;
				GCC_PREPROCESSOR_DEFINITIONS = (
					"DEBUG=1",
					"$(inherited)",
				);
				GCC_SYMBOLS_PRIVATE_EXTERN = NO;
				GCC_WARN_64_TO_32_BIT_CONVERSION = YES;
				GCC_WARN_ABOUT_RETURN_TYPE = YES_ERROR;
				GCC_WARN_UNDECLARED_SELECTOR = YES;
				GCC_WARN_UNINITIALIZED_AUTOS = YES_AGGRESSIVE;
				GCC_WARN_UNUSED_FUNCTION = YES;
				GCC_WARN_UNUSED_VARIABLE = YES;
				IPHONEOS_DEPLOYMENT_TARGET = 8.1;
				MTL_ENABLE_DEBUG_INFO = YES;
				ONLY_ACTIVE_ARCH = YES;
				SDKROOT = iphoneos;
				SWIFT_OPTIMIZATION_LEVEL = "-Onone";
				TARGETED_DEVICE_FAMILY = "1,2";
			};
			name = Debug;
		};
		FBF9EFF01A898F1700FCE6A0 /* Release */ = {
			isa = XCBuildConfiguration;
			buildSettings = {
				ALWAYS_SEARCH_USER_PATHS = NO;
				CLANG_CXX_LANGUAGE_STANDARD = "gnu++0x";
				CLANG_CXX_LIBRARY = "libc++";
				CLANG_ENABLE_MODULES = YES;
				CLANG_ENABLE_OBJC_ARC = YES;
				CLANG_WARN_BOOL_CONVERSION = YES;
				CLANG_WARN_CONSTANT_CONVERSION = YES;
				CLANG_WARN_DIRECT_OBJC_ISA_USAGE = YES_ERROR;
				CLANG_WARN_EMPTY_BODY = YES;
				CLANG_WARN_ENUM_CONVERSION = YES;
				CLANG_WARN_INT_CONVERSION = YES;
				CLANG_WARN_OBJC_ROOT_CLASS = YES_ERROR;
				CLANG_WARN_UNREACHABLE_CODE = YES;
				CLANG_WARN__DUPLICATE_METHOD_MATCH = YES;
				"CODE_SIGN_IDENTITY[sdk=iphoneos*]" = "iPhone Developer";
				COPY_PHASE_STRIP = YES;
				ENABLE_NS_ASSERTIONS = NO;
				ENABLE_STRICT_OBJC_MSGSEND = YES;
				GCC_C_LANGUAGE_STANDARD = gnu99;
				GCC_WARN_64_TO_32_BIT_CONVERSION = YES;
				GCC_WARN_ABOUT_RETURN_TYPE = YES_ERROR;
				GCC_WARN_UNDECLARED_SELECTOR = YES;
				GCC_WARN_UNINITIALIZED_AUTOS = YES_AGGRESSIVE;
				GCC_WARN_UNUSED_FUNCTION = YES;
				GCC_WARN_UNUSED_VARIABLE = YES;
				IPHONEOS_DEPLOYMENT_TARGET = 8.1;
				MTL_ENABLE_DEBUG_INFO = NO;
				SDKROOT = iphoneos;
				TARGETED_DEVICE_FAMILY = "1,2";
				VALIDATE_PRODUCT = YES;
			};
			name = Release;
		};
		FBF9EFF21A898F1700FCE6A0 /* Debug */ = {
			isa = XCBuildConfiguration;
			buildSettings = {
				ASSETCATALOG_COMPILER_APPICON_NAME = AppIcon;
				INFOPLIST_FILE = faceExerciseLesson13/Info.plist;
				LD_RUNPATH_SEARCH_PATHS = "$(inherited) @executable_path/Frameworks";
				PRODUCT_NAME = "$(TARGET_NAME)";
			};
			name = Debug;
		};
		FBF9EFF31A898F1700FCE6A0 /* Release */ = {
			isa = XCBuildConfiguration;
			buildSettings = {
				ASSETCATALOG_COMPILER_APPICON_NAME = AppIcon;
				INFOPLIST_FILE = faceExerciseLesson13/Info.plist;
				LD_RUNPATH_SEARCH_PATHS = "$(inherited) @executable_path/Frameworks";
				PRODUCT_NAME = "$(TARGET_NAME)";
			};
			name = Release;
		};
		FBF9EFF51A898F1700FCE6A0 /* Debug */ = {
			isa = XCBuildConfiguration;
			buildSettings = {
				BUNDLE_LOADER = "$(TEST_HOST)";
				FRAMEWORK_SEARCH_PATHS = (
					"$(SDKROOT)/Developer/Library/Frameworks",
					"$(inherited)",
				);
				GCC_PREPROCESSOR_DEFINITIONS = (
					"DEBUG=1",
					"$(inherited)",
				);
				INFOPLIST_FILE = faceExerciseLesson13Tests/Info.plist;
				LD_RUNPATH_SEARCH_PATHS = "$(inherited) @executable_path/Frameworks @loader_path/Frameworks";
				PRODUCT_NAME = "$(TARGET_NAME)";
				TEST_HOST = "$(BUILT_PRODUCTS_DIR)/faceExerciseLesson13.app/faceExerciseLesson13";
			};
			name = Debug;
		};
		FBF9EFF61A898F1700FCE6A0 /* Release */ = {
			isa = XCBuildConfiguration;
			buildSettings = {
				BUNDLE_LOADER = "$(TEST_HOST)";
				FRAMEWORK_SEARCH_PATHS = (
					"$(SDKROOT)/Developer/Library/Frameworks",
					"$(inherited)",
				);
				INFOPLIST_FILE = faceExerciseLesson13Tests/Info.plist;
				LD_RUNPATH_SEARCH_PATHS = "$(inherited) @executable_path/Frameworks @loader_path/Frameworks";
				PRODUCT_NAME = "$(TARGET_NAME)";
				TEST_HOST = "$(BUILT_PRODUCTS_DIR)/faceExerciseLesson13.app/faceExerciseLesson13";
			};
			name = Release;
		};
/* End XCBuildConfiguration section */

/* Begin XCConfigurationList section */
		FBF9EFCD1A898F1700FCE6A0 /* Build configuration list for PBXProject "faceExerciseLesson13" */ = {
			isa = XCConfigurationList;
			buildConfigurations = (
				FBF9EFEF1A898F1700FCE6A0 /* Debug */,
				FBF9EFF01A898F1700FCE6A0 /* Release */,
			);
			defaultConfigurationIsVisible = 0;
			defaultConfigurationName = Release;
		};
		FBF9EFF11A898F1700FCE6A0 /* Build configuration list for PBXNativeTarget "faceExerciseLesson13" */ = {
			isa = XCConfigurationList;
			buildConfigurations = (
				FBF9EFF21A898F1700FCE6A0 /* Debug */,
				FBF9EFF31A898F1700FCE6A0 /* Release */,
			);
			defaultConfigurationIsVisible = 0;
		};
		FBF9EFF41A898F1700FCE6A0 /* Build configuration list for PBXNativeTarget "faceExerciseLesson13Tests" */ = {
			isa = XCConfigurationList;
			buildConfigurations = (
				FBF9EFF51A898F1700FCE6A0 /* Debug */,
				FBF9EFF61A898F1700FCE6A0 /* Release */,
			);
			defaultConfigurationIsVisible = 0;
		};
/* End XCConfigurationList section */
	};
	rootObject = FBF9EFCA1A898F1700FCE6A0 /* Project object */;
}
